# This file is automatically @generated by Poetry 2.3.2 and should not be changed by hand.

[[package]]
name = "pyfiglet"
version = "1.0.4"
description = "Pure-python FIGlet implementation"
optional = false
python-versions = ">=3.9"
groups = ["main"]
files = [
    {file = "pyfiglet-1.0.4-py3-none-any.whl", hash = "sha256:65b57b7a8e1dff8a67dc8e940a117238661d5e14c3e49121032bd404d9b2b39f"},
    {file = "pyfiglet-1.0.4.tar.gz", hash = "sha256:db9c9940ed1bf3048deff534ed52ff2dafbbc2cd7610b17bb5eca1df6d4278ef"},
]

[metadata]
lock-version = "2.1"
python-versions = ">=3.14"
content-hash = "de855d25682ed602b88777fc144c9e994c38e54c18aa2154cb301e68a8d8d506"
